
Microsoft Visual Studio Solution File, Format Version 12.00
# Visual Studio Version 17
VisualStudioVersion = 17.7.34009.444
MinimumVisualStudioVersion = 10.0.40219.1
Project("{FAE04EC0-301F-11D3-BF4B-00C04F79EFBC}") = "JuegoAdivinadorNumeros", "JuegoAdivinadorNumeros\JuegoAdivinadorNumeros.csproj", "{D48D899E-9BD8-4B8A-9B68-059762A4B233}"
EndProject
Global
	GlobalSection(SolutionConfigurationPlatforms) = preSolution
		Debug|Any CPU = Debug|Any CPU
		Release|Any CPU = Release|Any CPU
	EndGlobalSection
	GlobalSection(ProjectConfigurationPlatforms) = postSolution
		{D48D899E-9BD8-4B8A-9B68-059762A4B233}.Debug|Any CPU.ActiveCfg = Debug|Any CPU
		{D48D899E-9BD8-4B8A-9B68-059762A4B233}.Debug|Any CPU.Build.0 = Debug|Any CPU
		{D48D899E-9BD8-4B8A-9B68-059762A4B233}.Release|Any CPU.ActiveCfg = Release|Any CPU
		{D48D899E-9BD8-4B8A-9B68-059762A4B233}.Release|Any CPU.Build.0 = Release|Any CPU
	EndGlobalSection
	GlobalSection(SolutionProperties) = preSolution
		HideSolutionNode = FALSE
	EndGlobalSection
	GlobalSection(ExtensibilityGlobals) = postSolution
		SolutionGuid = {A5C060C0-552C-4376-AC06-A7C1B0F21661}
	EndGlobalSection
EndGlobal
